
Microsoft Visual Studio Solution File, Format Version 12.00
# Visual Studio 14
VisualStudioVersion = 14.0.25420.1
MinimumVisualStudioVersion = 10.0.40219.1
Project("{FAE04EC0-301F-11D3-BF4B-00C04F79EFBC}") = "Ado", "Ado\Ado.csproj", "{2071C0E7-997F-48D1-B238-304464300ABB}"
EndProject
Project("{FAE04EC0-301F-11D3-BF4B-00C04F79EFBC}") = "DataFirstApproach", "Ado1\DataFirstApproach.csproj", "{E7E3C769-1031-4BE6-9A4E-79B767B6A1E1}"
EndProject
Global
	GlobalSection(SolutionConfigurationPlatforms) = preSolution
		Debug|Any CPU = Debug|Any CPU
		Release|Any CPU = Release|Any CPU
	EndGlobalSection
	GlobalSection(ProjectConfigurationPlatforms) = postSolution
		{2071C0E7-997F-48D1-B238-304464300ABB}.Debug|Any CPU.ActiveCfg = Debug|Any CPU
		{2071C0E7-997F-48D1-B238-304464300ABB}.Debug|Any CPU.Build.0 = Debug|Any CPU
		{2071C0E7-997F-48D1-B238-304464300ABB}.Release|Any CPU.ActiveCfg = Release|Any CPU
		{2071C0E7-997F-48D1-B238-304464300ABB}.Release|Any CPU.Build.0 = Release|Any CPU
		{E7E3C769-1031-4BE6-9A4E-79B767B6A1E1}.Debug|Any CPU.ActiveCfg = Debug|Any CPU
		{E7E3C769-1031-4BE6-9A4E-79B767B6A1E1}.Debug|Any CPU.Build.0 = Debug|Any CPU
		{E7E3C769-1031-4BE6-9A4E-79B767B6A1E1}.Release|Any CPU.ActiveCfg = Release|Any CPU
		{E7E3C769-1031-4BE6-9A4E-79B767B6A1E1}.Release|Any CPU.Build.0 = Release|Any CPU
	EndGlobalSection
	GlobalSection(SolutionProperties) = preSolution
		HideSolutionNode = FALSE
	EndGlobalSection
EndGlobal
